
Microsoft Visual Studio Solution File, Format Version 12.00
# Visual Studio Version 17
VisualStudioVersion = 17.9.34728.123
MinimumVisualStudioVersion = 10.0.40219.1
Project("{FAE04EC0-301F-11D3-BF4B-00C04F79EFBC}") = "RosenTrabADV2", "RosenTrabADV2\RosenTrabADV2.csproj", "{92D082AA-6B72-47FF-A309-36A5D46DDAA4}"
EndProject
Global
	GlobalSection(SolutionConfigurationPlatforms) = preSolution
		Debug|Any CPU = Debug|Any CPU
		Release|Any CPU = Release|Any CPU
	EndGlobalSection
	GlobalSection(ProjectConfigurationPlatforms) = postSolution
		{92D082AA-6B72-47FF-A309-36A5D46DDAA4}.Debug|Any CPU.ActiveCfg = Debug|Any CPU
		{92D082AA-6B72-47FF-A309-36A5D46DDAA4}.Debug|Any CPU.Build.0 = Debug|Any CPU
		{92D082AA-6B72-47FF-A309-36A5D46DDAA4}.Release|Any CPU.ActiveCfg = Release|Any CPU
		{92D082AA-6B72-47FF-A309-36A5D46DDAA4}.Release|Any CPU.Build.0 = Release|Any CPU
	EndGlobalSection
	GlobalSection(SolutionProperties) = preSolution
		HideSolutionNode = FALSE
	EndGlobalSection
	GlobalSection(ExtensibilityGlobals) = postSolution
		SolutionGuid = {47383C28-91B0-459D-B10F-40D80DF2B741}
	EndGlobalSection
EndGlobal
